
Microsoft Visual Studio Solution File, Format Version 12.00
# Visual Studio Version 16
VisualStudioVersion = 16.0.31019.35
MinimumVisualStudioVersion = 10.0.40219.1
Project("{FAE04EC0-301F-11D3-BF4B-00C04F79EFBC}") = "PointsMicroservice", "PointsMicroservice.csproj", "{61C8C9CE-3374-4072-94C7-FDFBE4482887}"
EndProject
Global
	GlobalSection(SolutionConfigurationPlatforms) = preSolution
		Debug|Any CPU = Debug|Any CPU
		Release|Any CPU = Release|Any CPU
	EndGlobalSection
	GlobalSection(ProjectConfigurationPlatforms) = postSolution
		{61C8C9CE-3374-4072-94C7-FDFBE4482887}.Debug|Any CPU.ActiveCfg = Debug|Any CPU
		{61C8C9CE-3374-4072-94C7-FDFBE4482887}.Debug|Any CPU.Build.0 = Debug|Any CPU
		{61C8C9CE-3374-4072-94C7-FDFBE4482887}.Release|Any CPU.ActiveCfg = Release|Any CPU
		{61C8C9CE-3374-4072-94C7-FDFBE4482887}.Release|Any CPU.Build.0 = Release|Any CPU
	EndGlobalSection
	GlobalSection(SolutionProperties) = preSolution
		HideSolutionNode = FALSE
	EndGlobalSection
	GlobalSection(ExtensibilityGlobals) = postSolution
		SolutionGuid = {77077606-74D3-4280-A0BF-0D0AE7E4741A}
	EndGlobalSection
EndGlobal
